
Microsoft Visual Studio Solution File, Format Version 12.00
# Visual Studio Version 17
VisualStudioVersion = 17.0.31903.59
MinimumVisualStudioVersion = 10.0.40219.1
Project("{2150E333-8FDC-42A3-9474-1A3956D46DE8}") = "Application", "Application", "{B3088DFC-A0D3-463F-BAC3-DCA2D06C1A2D}"
EndProject
Project("{FAE04EC0-301F-11D3-BF4B-00C04F79EFBC}") = "tashrif.API", "Application\tashrif.API\tashrif.API.csproj", "{5F94825B-8D4D-446C-8114-83D781D537BF}"
EndProject
Project("{2150E333-8FDC-42A3-9474-1A3956D46DE8}") = "Business", "Business", "{1E68F2CD-4D53-4D03-84F5-F73BF2C886AE}"
EndProject
Project("{FAE04EC0-301F-11D3-BF4B-00C04F79EFBC}") = "tashrif.Core", "Business\tashrif.Core\tashrif.Core.csproj", "{6E64E52C-F717-4E68-9E21-5AD7CC5D10A0}"
EndProject
Project("{FAE04EC0-301F-11D3-BF4B-00C04F79EFBC}") = "tashrif.Email", "Business\tashrif.Email\tashrif.Email.csproj", "{9B14B93F-DF88-45D9-A61B-F3B1AFC836E4}"
EndProject
Project("{FAE04EC0-301F-11D3-BF4B-00C04F79EFBC}") = "tashrif.Identity", "Business\tashrif.Identity\tashrif.Identity.csproj", "{301B7F56-D51A-4DA8-9456-11651D030955}"
EndProject
Project("{FAE04EC0-301F-11D3-BF4B-00C04F79EFBC}") = "tashrif.Shared", "Business\tashrif.Shared\tashrif.Shared.csproj", "{715A5D93-7C88-4F7B-B716-8F9324FDC774}"
EndProject
Project("{FAE04EC0-301F-11D3-BF4B-00C04F79EFBC}") = "tashrif.Subscription", "Business\tashrif.Subscription\tashrif.Subscription.csproj", "{2CBC800F-E93B-4423-A432-3D5225DA914D}"
EndProject
Project("{FAE04EC0-301F-11D3-BF4B-00C04F79EFBC}") = "tashrif.Support", "Business\tashrif.Support\tashrif.Support.csproj", "{548FBB04-53DB-4C0B-9F75-BEAF6C31CC9E}"
EndProject
Project("{FAE04EC0-301F-11D3-BF4B-00C04F79EFBC}") = "tashrif.Tenant", "Business\tashrif.Tenant\tashrif.Tenant.csproj", "{C776FDE9-DBAD-410F-997A-DF3C9CC5DEE1}"
EndProject
Project("{2150E333-8FDC-42A3-9474-1A3956D46DE8}") = "Domain", "Domain", "{B859A6BE-5032-4691-B362-813580B37B1C}"
EndProject
Project("{FAE04EC0-301F-11D3-BF4B-00C04F79EFBC}") = "tashrif.Context", "Domain\tashrif.Context\tashrif.Context.csproj", "{C83E915E-3096-4304-8A78-C88A85B256B2}"
EndProject
Project("{FAE04EC0-301F-11D3-BF4B-00C04F79EFBC}") = "tashrif.Data", "Domain\tashrif.Data\tashrif.Data.csproj", "{B25C9D05-B8FA-4281-8870-843CEB017273}"
EndProject
Project("{2150E333-8FDC-42A3-9474-1A3956D46DE8}") = "Infrastructure", "Infrastructure", "{2B8EFF23-B680-47EB-AD72-065D45153B0E}"
EndProject
Project("{FAE04EC0-301F-11D3-BF4B-00C04F79EFBC}") = "tashrif.Repository", "Infrastructure\tashrif.Repository\tashrif.Repository.csproj", "{A856C89A-563A-4837-92D5-9A1D00A2FED7}"
EndProject
Project("{2150E333-8FDC-42A3-9474-1A3956D46DE8}") = "TestUnit", "TestUnit", "{CCAD9BAE-103F-4946-A839-FF54822FEF35}"
EndProject
Project("{FAE04EC0-301F-11D3-BF4B-00C04F79EFBC}") = "tashrif.Tests", "TestUnit\tashrif.Tests\tashrif.Tests.csproj", "{E36A0FAD-0A1F-445A-BC64-753C200BDC03}"
EndProject
Global
	GlobalSection(SolutionConfigurationPlatforms) = preSolution
		Debug|Any CPU = Debug|Any CPU
		Release|Any CPU = Release|Any CPU
	EndGlobalSection
	GlobalSection(SolutionProperties) = preSolution
		HideSolutionNode = FALSE
	EndGlobalSection
	GlobalSection(ProjectConfigurationPlatforms) = postSolution
		{5F94825B-8D4D-446C-8114-83D781D537BF}.Debug|Any CPU.ActiveCfg = Debug|Any CPU
		{5F94825B-8D4D-446C-8114-83D781D537BF}.Debug|Any CPU.Build.0 = Debug|Any CPU
		{5F94825B-8D4D-446C-8114-83D781D537BF}.Release|Any CPU.ActiveCfg = Release|Any CPU
		{5F94825B-8D4D-446C-8114-83D781D537BF}.Release|Any CPU.Build.0 = Release|Any CPU
		{6E64E52C-F717-4E68-9E21-5AD7CC5D10A0}.Debug|Any CPU.ActiveCfg = Debug|Any CPU
		{6E64E52C-F717-4E68-9E21-5AD7CC5D10A0}.Debug|Any CPU.Build.0 = Debug|Any CPU
		{6E64E52C-F717-4E68-9E21-5AD7CC5D10A0}.Release|Any CPU.ActiveCfg = Release|Any CPU
		{6E64E52C-F717-4E68-9E21-5AD7CC5D10A0}.Release|Any CPU.Build.0 = Release|Any CPU
		{9B14B93F-DF88-45D9-A61B-F3B1AFC836E4}.Debug|Any CPU.ActiveCfg = Debug|Any CPU
		{9B14B93F-DF88-45D9-A61B-F3B1AFC836E4}.Debug|Any CPU.Build.0 = Debug|Any CPU
		{9B14B93F-DF88-45D9-A61B-F3B1AFC836E4}.Release|Any CPU.ActiveCfg = Release|Any CPU
		{9B14B93F-DF88-45D9-A61B-F3B1AFC836E4}.Release|Any CPU.Build.0 = Release|Any CPU
		{301B7F56-D51A-4DA8-9456-11651D030955}.Debug|Any CPU.ActiveCfg = Debug|Any CPU
		{301B7F56-D51A-4DA8-9456-11651D030955}.Debug|Any CPU.Build.0 = Debug|Any CPU
		{301B7F56-D51A-4DA8-9456-11651D030955}.Release|Any CPU.ActiveCfg = Release|Any CPU
		{301B7F56-D51A-4DA8-9456-11651D030955}.Release|Any CPU.Build.0 = Release|Any CPU
		{715A5D93-7C88-4F7B-B716-8F9324FDC774}.Debug|Any CPU.ActiveCfg = Debug|Any CPU
		{715A5D93-7C88-4F7B-B716-8F9324FDC774}.Debug|Any CPU.Build.0 = Debug|Any CPU
		{715A5D93-7C88-4F7B-B716-8F9324FDC774}.Release|Any CPU.ActiveCfg = Release|Any CPU
		{715A5D93-7C88-4F7B-B716-8F9324FDC774}.Release|Any CPU.Build.0 = Release|Any CPU
		{2CBC800F-E93B-4423-A432-3D5225DA914D}.Debug|Any CPU.ActiveCfg = Debug|Any CPU
		{2CBC800F-E93B-4423-A432-3D5225DA914D}.Debug|Any CPU.Build.0 = Debug|Any CPU
		{2CBC800F-E93B-4423-A432-3D5225DA914D}.Release|Any CPU.ActiveCfg = Release|Any CPU
		{2CBC800F-E93B-4423-A432-3D5225DA914D}.Release|Any CPU.Build.0 = Release|Any CPU
		{548FBB04-53DB-4C0B-9F75-BEAF6C31CC9E}.Debug|Any CPU.ActiveCfg = Debug|Any CPU
		{548FBB04-53DB-4C0B-9F75-BEAF6C31CC9E}.Debug|Any CPU.Build.0 = Debug|Any CPU
		{548FBB04-53DB-4C0B-9F75-BEAF6C31CC9E}.Release|Any CPU.ActiveCfg = Release|Any CPU
		{548FBB04-53DB-4C0B-9F75-BEAF6C31CC9E}.Release|Any CPU.Build.0 = Release|Any CPU
		{C776FDE9-DBAD-410F-997A-DF3C9CC5DEE1}.Debug|Any CPU.ActiveCfg = Debug|Any CPU
		{C776FDE9-DBAD-410F-997A-DF3C9CC5DEE1}.Debug|Any CPU.Build.0 = Debug|Any CPU
		{C776FDE9-DBAD-410F-997A-DF3C9CC5DEE1}.Release|Any CPU.ActiveCfg = Release|Any CPU
		{C776FDE9-DBAD-410F-997A-DF3C9CC5DEE1}.Release|Any CPU.Build.0 = Release|Any CPU
		{C83E915E-3096-4304-8A78-C88A85B256B2}.Debug|Any CPU.ActiveCfg = Debug|Any CPU
		{C83E915E-3096-4304-8A78-C88A85B256B2}.Debug|Any CPU.Build.0 = Debug|Any CPU
		{C83E915E-3096-4304-8A78-C88A85B256B2}.Release|Any CPU.ActiveCfg = Release|Any CPU
		{C83E915E-3096-4304-8A78-C88A85B256B2}.Release|Any CPU.Build.0 = Release|Any CPU
		{B25C9D05-B8FA-4281-8870-843CEB017273}.Debug|Any CPU.ActiveCfg = Debug|Any CPU
		{B25C9D05-B8FA-4281-8870-843CEB017273}.Debug|Any CPU.Build.0 = Debug|Any CPU
		{B25C9D05-B8FA-4281-8870-843CEB017273}.Release|Any CPU.ActiveCfg = Release|Any CPU
		{B25C9D05-B8FA-4281-8870-843CEB017273}.Release|Any CPU.Build.0 = Release|Any CPU
		{A856C89A-563A-4837-92D5-9A1D00A2FED7}.Debug|Any CPU.ActiveCfg = Debug|Any CPU
		{A856C89A-563A-4837-92D5-9A1D00A2FED7}.Debug|Any CPU.Build.0 = Debug|Any CPU
		{A856C89A-563A-4837-92D5-9A1D00A2FED7}.Release|Any CPU.ActiveCfg = Release|Any CPU
		{A856C89A-563A-4837-92D5-9A1D00A2FED7}.Release|Any CPU.Build.0 = Release|Any CPU
		{E36A0FAD-0A1F-445A-BC64-753C200BDC03}.Debug|Any CPU.ActiveCfg = Debug|Any CPU
		{E36A0FAD-0A1F-445A-BC64-753C200BDC03}.Debug|Any CPU.Build.0 = Debug|Any CPU
		{E36A0FAD-0A1F-445A-BC64-753C200BDC03}.Release|Any CPU.ActiveCfg = Release|Any CPU
		{E36A0FAD-0A1F-445A-BC64-753C200BDC03}.Release|Any CPU.Build.0 = Release|Any CPU
	EndGlobalSection
	GlobalSection(NestedProjects) = preSolution
		{5F94825B-8D4D-446C-8114-83D781D537BF} = {B3088DFC-A0D3-463F-BAC3-DCA2D06C1A2D}
		{6E64E52C-F717-4E68-9E21-5AD7CC5D10A0} = {1E68F2CD-4D53-4D03-84F5-F73BF2C886AE}
		{9B14B93F-DF88-45D9-A61B-F3B1AFC836E4} = {1E68F2CD-4D53-4D03-84F5-F73BF2C886AE}
		{301B7F56-D51A-4DA8-9456-11651D030955} = {1E68F2CD-4D53-4D03-84F5-F73BF2C886AE}
		{715A5D93-7C88-4F7B-B716-8F9324FDC774} = {1E68F2CD-4D53-4D03-84F5-F73BF2C886AE}
		{2CBC800F-E93B-4423-A432-3D5225DA914D} = {1E68F2CD-4D53-4D03-84F5-F73BF2C886AE}
		{548FBB04-53DB-4C0B-9F75-BEAF6C31CC9E} = {1E68F2CD-4D53-4D03-84F5-F73BF2C886AE}
		{C776FDE9-DBAD-410F-997A-DF3C9CC5DEE1} = {1E68F2CD-4D53-4D03-84F5-F73BF2C886AE}
		{C83E915E-3096-4304-8A78-C88A85B256B2} = {B859A6BE-5032-4691-B362-813580B37B1C}
		{B25C9D05-B8FA-4281-8870-843CEB017273} = {B859A6BE-5032-4691-B362-813580B37B1C}
		{A856C89A-563A-4837-92D5-9A1D00A2FED7} = {2B8EFF23-B680-47EB-AD72-065D45153B0E}
		{E36A0FAD-0A1F-445A-BC64-753C200BDC03} = {CCAD9BAE-103F-4946-A839-FF54822FEF35}
	EndGlobalSection
EndGlobal
